
Microsoft Visual Studio Solution File, Format Version 12.00
# Visual Studio Version 16
VisualStudioVersion = 16.0.33328.57
MinimumVisualStudioVersion = 10.0.40219.1
Project("{FAE04EC0-301F-11D3-BF4B-00C04F79EFBC}") = "poo ejerccio 5", "poo ejerccio 5\poo ejerccio 5.csproj", "{67C372FF-048D-474B-94F1-9D0AFA600187}"
EndProject
Global
	GlobalSection(SolutionConfigurationPlatforms) = preSolution
		Debug|Any CPU = Debug|Any CPU
		Release|Any CPU = Release|Any CPU
	EndGlobalSection
	GlobalSection(ProjectConfigurationPlatforms) = postSolution
		{67C372FF-048D-474B-94F1-9D0AFA600187}.Debug|Any CPU.ActiveCfg = Debug|Any CPU
		{67C372FF-048D-474B-94F1-9D0AFA600187}.Debug|Any CPU.Build.0 = Debug|Any CPU
		{67C372FF-048D-474B-94F1-9D0AFA600187}.Release|Any CPU.ActiveCfg = Release|Any CPU
		{67C372FF-048D-474B-94F1-9D0AFA600187}.Release|Any CPU.Build.0 = Release|Any CPU
	EndGlobalSection
	GlobalSection(SolutionProperties) = preSolution
		HideSolutionNode = FALSE
	EndGlobalSection
	GlobalSection(ExtensibilityGlobals) = postSolution
		SolutionGuid = {E0FE536A-DB83-4608-861A-ABDCA84FCC04}
	EndGlobalSection
EndGlobal
